// !$*UTF8*$!
{
	archiveVersion = 1;
	classes = {
	};
	objectVersion = 51;
	objects = {

/* Begin PBXBuildFile section */
		389426A277278BEDFF076B92 /* Pods_AP_Entertainment.framework in Frameworks */ = {isa = PBXBuildFile; fileRef = 83A67DD3012E8A6A3A1FCE61 /* Pods_AP_Entertainment.framework */; };
		F00442B225290D8900CBC5B5 /* AppDelegate.swift in Sources */ = {isa = PBXBuildFile; fileRef = F00442B125290D8900CBC5B5 /* AppDelegate.swift */; };
		F00442B425290D8900CBC5B5 /* SceneDelegate.swift in Sources */ = {isa = PBXBuildFile; fileRef = F00442B325290D8900CBC5B5 /* SceneDelegate.swift */; };
		F00442B925290D8900CBC5B5 /* Main.storyboard in Resources */ = {isa = PBXBuildFile; fileRef = F00442B725290D8900CBC5B5 /* Main.storyboard */; };
		F00442BB25290D8F00CBC5B5 /* Assets.xcassets in Resources */ = {isa = PBXBuildFile; fileRef = F00442BA25290D8F00CBC5B5 /* Assets.xcassets */; };
		F00442BE25290D8F00CBC5B5 /* LaunchScreen.storyboard in Resources */ = {isa = PBXBuildFile; fileRef = F00442BC25290D8F00CBC5B5 /* LaunchScreen.storyboard */; };
		F00442C9252918FC00CBC5B5 /* ScheduleViewController.swift in Sources */ = {isa = PBXBuildFile; fileRef = F00442C8252918FC00CBC5B5 /* ScheduleViewController.swift */; };
		F00442CD25291C8C00CBC5B5 /* ScheduleCollectionViewCell.swift in Sources */ = {isa = PBXBuildFile; fileRef = F00442CC25291C8C00CBC5B5 /* ScheduleCollectionViewCell.swift */; };
		F00442D025291D3D00CBC5B5 /* Venue.swift in Sources */ = {isa = PBXBuildFile; fileRef = F00442CF25291D3D00CBC5B5 /* Venue.swift */; };
		F044676D259A7860008A3234 /* FirebaseClient.swift in Sources */ = {isa = PBXBuildFile; fileRef = F044676C259A7860008A3234 /* FirebaseClient.swift */; };
		F0446770259A78DF008A3234 /* QuestionOfTheDay.swift in Sources */ = {isa = PBXBuildFile; fileRef = F044676F259A78DF008A3234 /* QuestionOfTheDay.swift */; };
		F044677C259A944C008A3234 /* AboutViewController.swift in Sources */ = {isa = PBXBuildFile; fileRef = F044677B259A944C008A3234 /* AboutViewController.swift */; };
		F06D0FB7259A9A4D0073DD34 /* SocialMediaCollectionViewCell.swift in Sources */ = {isa = PBXBuildFile; fileRef = F06D0FB6259A9A4D0073DD34 /* SocialMediaCollectionViewCell.swift */; };
		F06D0FBA259A9B130073DD34 /* ContactMethod.swift in Sources */ = {isa = PBXBuildFile; fileRef = F06D0FB9259A9B130073DD34 /* ContactMethod.swift */; };
		F06D0FBD259A9CD80073DD34 /* ContactMethods.swift in Sources */ = {isa = PBXBuildFile; fileRef = F06D0FBC259A9CD80073DD34 /* ContactMethods.swift */; };
		F0AAE22D25A6035A007F3F42 /* VenueTableViewCell.swift in Sources */ = {isa = PBXBuildFile; fileRef = F0AAE22C25A6035A007F3F42 /* VenueTableViewCell.swift */; };
		F0E9FC11258C387E00A3B3A7 /* Venues.swift in Sources */ = {isa = PBXBuildFile; fileRef = F0E9FC10258C387E00A3B3A7 /* Venues.swift */; };
		F0EFFDCB259A681D002D4E79 /* QuestionOfTheDayViewController.swift in Sources */ = {isa = PBXBuildFile; fileRef = F0EFFDCA259A681D002D4E79 /* QuestionOfTheDayViewController.swift */; };
		F0EFFDCF259A718B002D4E79 /* GoogleService-Info.plist in Resources */ = {isa = PBXBuildFile; fileRef = F0EFFDCE259A718B002D4E79 /* GoogleService-Info.plist */; };
		F0F5E44A258C4A5200CFF9F4 /* MainTabBarController.swift in Sources */ = {isa = PBXBuildFile; fileRef = F0F5E449258C4A5200CFF9F4 /* MainTabBarController.swift */; };
		F0FBA55F258302FA0005FB5F /* VenueDetailViewController.swift in Sources */ = {isa = PBXBuildFile; fileRef = F0FBA55E258302FA0005FB5F /* VenueDetailViewController.swift */; };
/* End PBXBuildFile section */

/* Begin PBXFileReference section */
		6F420C3B26EC88EB49F627B8 /* Pods-AP Entertainment.debug.xcconfig */ = {isa = PBXFileReference; includeInIndex = 1; lastKnownFileType = text.xcconfig; name = "Pods-AP Entertainment.debug.xcconfig"; path = "Target Support Files/Pods-AP Entertainment/Pods-AP Entertainment.debug.xcconfig"; sourceTree = "<group>"; };
		83A67DD3012E8A6A3A1FCE61 /* Pods_AP_Entertainment.framework */ = {isa = PBXFileReference; explicitFileType = wrapper.framework; includeInIndex = 0; path = Pods_AP_Entertainment.framework; sourceTree = BUILT_PRODUCTS_DIR; };
		F00442AE25290D8900CBC5B5 /* AP Entertainment.app */ = {isa = PBXFileReference; explicitFileType = wrapper.application; includeInIndex = 0; path = "AP Entertainment.app"; sourceTree = BUILT_PRODUCTS_DIR; };
		F00442B125290D8900CBC5B5 /* AppDelegate.swift */ = {isa = PBXFileReference; lastKnownFileType = sourcecode.swift; path = AppDelegate.swift; sourceTree = "<group>"; };
		F00442B325290D8900CBC5B5 /* SceneDelegate.swift */ = {isa = PBXFileReference; lastKnownFileType = sourcecode.swift; path = SceneDelegate.swift; sourceTree = "<group>"; };
		F00442B825290D8900CBC5B5 /* Base */ = {isa = PBXFileReference; lastKnownFileType = file.storyboard; name = Base; path = Base.lproj/Main.storyboard; sourceTree = "<group>"; };
		F00442BA25290D8F00CBC5B5 /* Assets.xcassets */ = {isa = PBXFileReference; lastKnownFileType = folder.assetcatalog; path = Assets.xcassets; sourceTree = "<group>"; };
		F00442BD25290D8F00CBC5B5 /* Base */ = {isa = PBXFileReference; lastKnownFileType = file.storyboard; name = Base; path = Base.lproj/LaunchScreen.storyboard; sourceTree = "<group>"; };
		F00442BF25290D8F00CBC5B5 /* Info.plist */ = {isa = PBXFileReference; lastKnownFileType = text.plist.xml; path = Info.plist; sourceTree = "<group>"; };
		F00442C8252918FC00CBC5B5 /* ScheduleViewController.swift */ = {isa = PBXFileReference; lastKnownFileType = sourcecode.swift; path = ScheduleViewController.swift; sourceTree = "<group>"; };
		F00442CC25291C8C00CBC5B5 /* ScheduleCollectionViewCell.swift */ = {isa = PBXFileReference; lastKnownFileType = sourcecode.swift; path = ScheduleCollectionViewCell.swift; sourceTree = "<group>"; };
		F00442CF25291D3D00CBC5B5 /* Venue.swift */ = {isa = PBXFileReference; lastKnownFileType = sourcecode.swift; path = Venue.swift; sourceTree = "<group>"; };
		F044676C259A7860008A3234 /* FirebaseClient.swift */ = {isa = PBXFileReference; lastKnownFileType = sourcecode.swift; path = FirebaseClient.swift; sourceTree = "<group>"; };
		F044676F259A78DF008A3234 /* QuestionOfTheDay.swift */ = {isa = PBXFileReference; lastKnownFileType = sourcecode.swift; path = QuestionOfTheDay.swift; sourceTree = "<group>"; };
		F044677B259A944C008A3234 /* AboutViewController.swift */ = {isa = PBXFileReference; lastKnownFileType = sourcecode.swift; path = AboutViewController.swift; sourceTree = "<group>"; };
		F06D0FB6259A9A4D0073DD34 /* SocialMediaCollectionViewCell.swift */ = {isa = PBXFileReference; lastKnownFileType = sourcecode.swift; path = SocialMediaCollectionViewCell.swift; sourceTree = "<group>"; };
		F06D0FB9259A9B130073DD34 /* ContactMethod.swift */ = {isa = PBXFileReference; lastKnownFileType = sourcecode.swift; path = ContactMethod.swift; sourceTree = "<group>"; };
		F06D0FBC259A9CD80073DD34 /* ContactMethods.swift */ = {isa = PBXFileReference; lastKnownFileType = sourcecode.swift; path = ContactMethods.swift; sourceTree = "<group>"; };
		F0AAE22C25A6035A007F3F42 /* VenueTableViewCell.swift */ = {isa = PBXFileReference; lastKnownFileType = sourcecode.swift; path = VenueTableViewCell.swift; sourceTree = "<group>"; };
		F0E9FC10258C387E00A3B3A7 /* Venues.swift */ = {isa = PBXFileReference; lastKnownFileType = sourcecode.swift; path = Venues.swift; sourceTree = "<group>"; };
		F0EFFDCA259A681D002D4E79 /* QuestionOfTheDayViewController.swift */ = {isa = PBXFileReference; lastKnownFileType = sourcecode.swift; path = QuestionOfTheDayViewController.swift; sourceTree = "<group>"; };
		F0EFFDCE259A718B002D4E79 /* GoogleService-Info.plist */ = {isa = PBXFileReference; fileEncoding = 4; lastKnownFileType = text.plist.xml; name = "GoogleService-Info.plist"; path = "../../../../../Downloads/GoogleService-Info.plist"; sourceTree = "<group>"; };
		F0F5E449258C4A5200CFF9F4 /* MainTabBarController.swift */ = {isa = PBXFileReference; lastKnownFileType = sourcecode.swift; path = MainTabBarController.swift; sourceTree = "<group>"; };
		F0FBA55E258302FA0005FB5F /* VenueDetailViewController.swift */ = {isa = PBXFileReference; lastKnownFileType = sourcecode.swift; path = VenueDetailViewController.swift; sourceTree = "<group>"; };
		FE0B875A55848102EA593D31 /* Pods-AP Entertainment.release.xcconfig */ = {isa = PBXFileReference; includeInIndex = 1; lastKnownFileType = text.xcconfig; name = "Pods-AP Entertainment.release.xcconfig"; path = "Target Support Files/Pods-AP Entertainment/Pods-AP Entertainment.release.xcconfig"; sourceTree = "<group>"; };
/* End PBXFileReference section */

/* Begin PBXFrameworksBuildPhase section */
		F00442AB25290D8900CBC5B5 /* Frameworks */ = {
			isa = PBXFrameworksBuildPhase;
			buildActionMask = 2147483647;
			files = (
				389426A277278BEDFF076B92 /* Pods_AP_Entertainment.framework in Frameworks */,
			);
			runOnlyForDeploymentPostprocessing = 0;
		};
/* End PBXFrameworksBuildPhase section */

/* Begin PBXGroup section */
		5192AD93A199B6321EBE9383 /* Pods */ = {
			isa = PBXGroup;
			children = (
				6F420C3B26EC88EB49F627B8 /* Pods-AP Entertainment.debug.xcconfig */,
				FE0B875A55848102EA593D31 /* Pods-AP Entertainment.release.xcconfig */,
			);
			path = Pods;
			sourceTree = "<group>";
		};
		B24052050587B018E94E4F09 /* Frameworks */ = {
			isa = PBXGroup;
			children = (
				83A67DD3012E8A6A3A1FCE61 /* Pods_AP_Entertainment.framework */,
			);
			name = Frameworks;
			sourceTree = "<group>";
		};
		F00442A525290D8900CBC5B5 = {
			isa = PBXGroup;
			children = (
				F00442B025290D8900CBC5B5 /* AP Entertainment */,
				F00442AF25290D8900CBC5B5 /* Products */,
				5192AD93A199B6321EBE9383 /* Pods */,
				B24052050587B018E94E4F09 /* Frameworks */,
			);
			sourceTree = "<group>";
		};
		F00442AF25290D8900CBC5B5 /* Products */ = {
			isa = PBXGroup;
			children = (
				F00442AE25290D8900CBC5B5 /* AP Entertainment.app */,
			);
			name = Products;
			sourceTree = "<group>";
		};
		F00442B025290D8900CBC5B5 /* AP Entertainment */ = {
			isa = PBXGroup;
			children = (
				F00442B125290D8900CBC5B5 /* AppDelegate.swift */,
				F00442B325290D8900CBC5B5 /* SceneDelegate.swift */,
				F0446774259A8EF5008A3234 /* Models */,
				F0446776259A8F1F008A3234 /* Views */,
				F0446777259A8F39008A3234 /* Controllers */,
				F0446778259A8F51008A3234 /* Networking */,
				F0446779259A8F6C008A3234 /* Helpers */,
				F00442BA25290D8F00CBC5B5 /* Assets.xcassets */,
				F00442B725290D8900CBC5B5 /* Main.storyboard */,
				F00442BC25290D8F00CBC5B5 /* LaunchScreen.storyboard */,
				F00442BF25290D8F00CBC5B5 /* Info.plist */,
				F0EFFDCE259A718B002D4E79 /* GoogleService-Info.plist */,
			);
			path = "AP Entertainment";
			sourceTree = "<group>";
		};
		F0446774259A8EF5008A3234 /* Models */ = {
			isa = PBXGroup;
			children = (
				F00442CF25291D3D00CBC5B5 /* Venue.swift */,
				F044676F259A78DF008A3234 /* QuestionOfTheDay.swift */,
				F06D0FB9259A9B130073DD34 /* ContactMethod.swift */,
			);
			name = Models;
			path = ..;
			sourceTree = "<group>";
		};
		F0446776259A8F1F008A3234 /* Views */ = {
			isa = PBXGroup;
			children = (
				F00442CC25291C8C00CBC5B5 /* ScheduleCollectionViewCell.swift */,
				F06D0FB6259A9A4D0073DD34 /* SocialMediaCollectionViewCell.swift */,
				F0AAE22C25A6035A007F3F42 /* VenueTableViewCell.swift */,
			);
			path = Views;
			sourceTree = "<group>";
		};
		F0446777259A8F39008A3234 /* Controllers */ = {
			isa = PBXGroup;
			children = (
				F0F5E449258C4A5200CFF9F4 /* MainTabBarController.swift */,
				F00442C8252918FC00CBC5B5 /* ScheduleViewController.swift */,
				F0FBA55E258302FA0005FB5F /* VenueDetailViewController.swift */,
				F0EFFDCA259A681D002D4E79 /* QuestionOfTheDayViewController.swift */,
				F044677B259A944C008A3234 /* AboutViewController.swift */,
			);
			path = Controllers;
			sourceTree = "<group>";
		};
		F0446778259A8F51008A3234 /* Networking */ = {
			isa = PBXGroup;
			children = (
				F044676C259A7860008A3234 /* FirebaseClient.swift */,
			);
			path = Networking;
			sourceTree = "<group>";
		};
		F0446779259A8F6C008A3234 /* Helpers */ = {
			isa = PBXGroup;
			children = (
				F0E9FC10258C387E00A3B3A7 /* Venues.swift */,
				F06D0FBC259A9CD80073DD34 /* ContactMethods.swift */,
			);
			path = Helpers;
			sourceTree = "<group>";
		};
/* End PBXGroup section */

/* Begin PBXNativeTarget section */
		F00442AD25290D8900CBC5B5 /* AP Entertainment */ = {
			isa = PBXNativeTarget;
			buildConfigurationList = F00442C225290D8F00CBC5B5 /* Build configuration list for PBXNativeTarget "AP Entertainment" */;
			buildPhases = (
				EDA71D2E9E3BE28144E65D34 /* [CP] Check Pods Manifest.lock */,
				F00442AA25290D8900CBC5B5 /* Sources */,
				F00442AB25290D8900CBC5B5 /* Frameworks */,
				F00442AC25290D8900CBC5B5 /* Resources */,
				E2A61F0525F71A2049D90363 /* [CP] Embed Pods Frameworks */,
			);
			buildRules = (
			);
			dependencies = (
			);
			name = "AP Entertainment";
			productName = "AP Entertainment";
			productReference = F00442AE25290D8900CBC5B5 /* AP Entertainment.app */;
			productType = "com.apple.product-type.application";
		};
/* End PBXNativeTarget section */

/* Begin PBXProject section */
		F00442A625290D8900CBC5B5 /* Project object */ = {
			isa = PBXProject;
			attributes = {
				LastSwiftUpdateCheck = 1200;
				LastUpgradeCheck = 1200;
				TargetAttributes = {
					F00442AD25290D8900CBC5B5 = {
						CreatedOnToolsVersion = 12.0.1;
					};
				};
			};
			buildConfigurationList = F00442A925290D8900CBC5B5 /* Build configuration list for PBXProject "AP Entertainment" */;
			compatibilityVersion = "Xcode 9.3";
			developmentRegion = en;
			hasScannedForEncodings = 0;
			knownRegions = (
				en,
				Base,
			);
			mainGroup = F00442A525290D8900CBC5B5;
			productRefGroup = F00442AF25290D8900CBC5B5 /* Products */;
			projectDirPath = "";
			projectRoot = "";
			targets = (
				F00442AD25290D8900CBC5B5 /* AP Entertainment */,
			);
		};
/* End PBXProject section */

/* Begin PBXResourcesBuildPhase section */
		F00442AC25290D8900CBC5B5 /* Resources */ = {
			isa = PBXResourcesBuildPhase;
			buildActionMask = 2147483647;
			files = (
				F00442BE25290D8F00CBC5B5 /* LaunchScreen.storyboard in Resources */,
				F00442BB25290D8F00CBC5B5 /* Assets.xcassets in Resources */,
				F00442B925290D8900CBC5B5 /* Main.storyboard in Resources */,
				F0EFFDCF259A718B002D4E79 /* GoogleService-Info.plist in Resources */,
			);
			runOnlyForDeploymentPostprocessing = 0;
		};
/* End PBXResourcesBuildPhase section */

/* Begin PBXShellScriptBuildPhase section */
		E2A61F0525F71A2049D90363 /* [CP] Embed Pods Frameworks */ = {
			isa = PBXShellScriptBuildPhase;
			buildActionMask = 2147483647;
			files = (
			);
			inputFileListPaths = (
				"${PODS_ROOT}/Target Support Files/Pods-AP Entertainment/Pods-AP Entertainment-frameworks-${CONFIGURATION}-input-files.xcfilelist",
			);
			name = "[CP] Embed Pods Frameworks";
			outputFileListPaths = (
				"${PODS_ROOT}/Target Support Files/Pods-AP Entertainment/Pods-AP Entertainment-frameworks-${CONFIGURATION}-output-files.xcfilelist",
			);
			runOnlyForDeploymentPostprocessing = 0;
			shellPath = /bin/sh;
			shellScript = "\"${PODS_ROOT}/Target Support Files/Pods-AP Entertainment/Pods-AP Entertainment-frameworks.sh\"\n";
			showEnvVarsInLog = 0;
		};
		EDA71D2E9E3BE28144E65D34 /* [CP] Check Pods Manifest.lock */ = {
			isa = PBXShellScriptBuildPhase;
			buildActionMask = 2147483647;
			files = (
			);
			inputFileListPaths = (
			);
			inputPaths = (
				"${PODS_PODFILE_DIR_PATH}/Podfile.lock",
				"${PODS_ROOT}/Manifest.lock",
			);
			name = "[CP] Check Pods Manifest.lock";
			outputFileListPaths = (
			);
			outputPaths = (
				"$(DERIVED_FILE_DIR)/Pods-AP Entertainment-checkManifestLockResult.txt",
			);
			runOnlyForDeploymentPostprocessing = 0;
			shellPath = /bin/sh;
			shellScript = "diff \"${PODS_PODFILE_DIR_PATH}/Podfile.lock\" \"${PODS_ROOT}/Manifest.lock\" > /dev/null\nif [ $? != 0 ] ; then\n    # print error to STDERR\n    echo \"error: The sandbox is not in sync with the Podfile.lock. Run 'pod install' or update your CocoaPods installation.\" >&2\n    exit 1\nfi\n# This output is used by Xcode 'outputs' to avoid re-running this script phase.\necho \"SUCCESS\" > \"${SCRIPT_OUTPUT_FILE_0}\"\n";
			showEnvVarsInLog = 0;
		};
/* End PBXShellScriptBuildPhase section */

/* Begin PBXSourcesBuildPhase section */
		F00442AA25290D8900CBC5B5 /* Sources */ = {
			isa = PBXSourcesBuildPhase;
			buildActionMask = 2147483647;
			files = (
				F00442D025291D3D00CBC5B5 /* Venue.swift in Sources */,
				F00442CD25291C8C00CBC5B5 /* ScheduleCollectionViewCell.swift in Sources */,
				F0F5E44A258C4A5200CFF9F4 /* MainTabBarController.swift in Sources */,
				F00442B225290D8900CBC5B5 /* AppDelegate.swift in Sources */,
				F0FBA55F258302FA0005FB5F /* VenueDetailViewController.swift in Sources */,
				F06D0FBD259A9CD80073DD34 /* ContactMethods.swift in Sources */,
				F0EFFDCB259A681D002D4E79 /* QuestionOfTheDayViewController.swift in Sources */,
				F044677C259A944C008A3234 /* AboutViewController.swift in Sources */,
				F0446770259A78DF008A3234 /* QuestionOfTheDay.swift in Sources */,
				F0AAE22D25A6035A007F3F42 /* VenueTableViewCell.swift in Sources */,
				F0E9FC11258C387E00A3B3A7 /* Venues.swift in Sources */,
				F06D0FB7259A9A4D0073DD34 /* SocialMediaCollectionViewCell.swift in Sources */,
				F044676D259A7860008A3234 /* FirebaseClient.swift in Sources */,
				F06D0FBA259A9B130073DD34 /* ContactMethod.swift in Sources */,
				F00442B425290D8900CBC5B5 /* SceneDelegate.swift in Sources */,
				F00442C9252918FC00CBC5B5 /* ScheduleViewController.swift in Sources */,
			);
			runOnlyForDeploymentPostprocessing = 0;
		};
/* End PBXSourcesBuildPhase section */

/* Begin PBXVariantGroup section */
		F00442B725290D8900CBC5B5 /* Main.storyboard */ = {
			isa = PBXVariantGroup;
			children = (
				F00442B825290D8900CBC5B5 /* Base */,
			);
			name = Main.storyboard;
			sourceTree = "<group>";
		};
		F00442BC25290D8F00CBC5B5 /* LaunchScreen.storyboard */ = {
			isa = PBXVariantGroup;
			children = (
				F00442BD25290D8F00CBC5B5 /* Base */,
			);
			name = LaunchScreen.storyboard;
			sourceTree = "<group>";
		};
/* End PBXVariantGroup section */

/* Begin XCBuildConfiguration section */
		F00442C025290D8F00CBC5B5 /* Debug */ = {
			isa = XCBuildConfiguration;
			buildSettings = {
				ALWAYS_SEARCH_USER_PATHS = NO;
				CLANG_ANALYZER_NONNULL = YES;
				CLANG_ANALYZER_NUMBER_OBJECT_CONVERSION = YES_AGGRESSIVE;
				CLANG_CXX_LANGUAGE_STANDARD = "gnu++14";
				CLANG_CXX_LIBRARY = "libc++";
				CLANG_ENABLE_MODULES = YES;
				CLANG_ENABLE_OBJC_ARC = YES;
				CLANG_ENABLE_OBJC_WEAK = YES;
				CLANG_WARN_BLOCK_CAPTURE_AUTORELEASING = YES;
				CLANG_WARN_BOOL_CONVERSION = YES;
				CLANG_WARN_COMMA = YES;
				CLANG_WARN_CONSTANT_CONVERSION = YES;
				CLANG_WARN_DEPRECATED_OBJC_IMPLEMENTATIONS = YES;
				CLANG_WARN_DIRECT_OBJC_ISA_USAGE = YES_ERROR;
				CLANG_WARN_DOCUMENTATION_COMMENTS = YES;
				CLANG_WARN_EMPTY_BODY = YES;
				CLANG_WARN_ENUM_CONVERSION = YES;
				CLANG_WARN_INFINITE_RECURSION = YES;
				CLANG_WARN_INT_CONVERSION = YES;
				CLANG_WARN_NON_LITERAL_NULL_CONVERSION = YES;
				CLANG_WARN_OBJC_IMPLICIT_RETAIN_SELF = YES;
				CLANG_WARN_OBJC_LITERAL_CONVERSION = YES;
				CLANG_WARN_OBJC_ROOT_CLASS = YES_ERROR;
				CLANG_WARN_QUOTED_INCLUDE_IN_FRAMEWORK_HEADER = YES;
				CLANG_WARN_RANGE_LOOP_ANALYSIS = YES;
				CLANG_WARN_STRICT_PROTOTYPES = YES;
				CLANG_WARN_SUSPICIOUS_MOVE = YES;
				CLANG_WARN_UNGUARDED_AVAILABILITY = YES_AGGRESSIVE;
				CLANG_WARN_UNREACHABLE_CODE = YES;
				CLANG_WARN__DUPLICATE_METHOD_MATCH = YES;
				COPY_PHASE_STRIP = NO;
				DEBUG_INFORMATION_FORMAT = dwarf;
				ENABLE_STRICT_OBJC_MSGSEND = YES;
				ENABLE_TESTABILITY = YES;
				GCC_C_LANGUAGE_STANDARD = gnu11;
				GCC_DYNAMIC_NO_PIC = NO;
				GCC_NO_COMMON_BLOCKS = YES;
				GCC_OPTIMIZATION_LEVEL = 0;
				GCC_PREPROCESSOR_DEFINITIONS = (
					"DEBUG=1",
					"$(inherited)",
				);
				GCC_WARN_64_TO_32_BIT_CONVERSION = YES;
				GCC_WARN_ABOUT_RETURN_TYPE = YES_ERROR;
				GCC_WARN_UNDECLARED_SELECTOR = YES;
				GCC_WARN_UNINITIALIZED_AUTOS = YES_AGGRESSIVE;
				GCC_WARN_UNUSED_FUNCTION = YES;
				GCC_WARN_UNUSED_VARIABLE = YES;
				IPHONEOS_DEPLOYMENT_TARGET = 14.0;
				MTL_ENABLE_DEBUG_INFO = INCLUDE_SOURCE;
				MTL_FAST_MATH = YES;
				ONLY_ACTIVE_ARCH = YES;
				SDKROOT = iphoneos;
				SWIFT_ACTIVE_COMPILATION_CONDITIONS = DEBUG;
				SWIFT_OPTIMIZATION_LEVEL = "-Onone";
			};
			name = Debug;
		};
		F00442C125290D8F00CBC5B5 /* Release */ = {
			isa = XCBuildConfiguration;
			buildSettings = {
				ALWAYS_SEARCH_USER_PATHS = NO;
				CLANG_ANALYZER_NONNULL = YES;
				CLANG_ANALYZER_NUMBER_OBJECT_CONVERSION = YES_AGGRESSIVE;
				CLANG_CXX_LANGUAGE_STANDARD = "gnu++14";
				CLANG_CXX_LIBRARY = "libc++";
				CLANG_ENABLE_MODULES = YES;
				CLANG_ENABLE_OBJC_ARC = YES;
				CLANG_ENABLE_OBJC_WEAK = YES;
				CLANG_WARN_BLOCK_CAPTURE_AUTORELEASING = YES;
				CLANG_WARN_BOOL_CONVERSION = YES;
				CLANG_WARN_COMMA = YES;
				CLANG_WARN_CONSTANT_CONVERSION = YES;
				CLANG_WARN_DEPRECATED_OBJC_IMPLEMENTATIONS = YES;
				CLANG_WARN_DIRECT_OBJC_ISA_USAGE = YES_ERROR;
				CLANG_WARN_DOCUMENTATION_COMMENTS = YES;
				CLANG_WARN_EMPTY_BODY = YES;
				CLANG_WARN_ENUM_CONVERSION = YES;
				CLANG_WARN_INFINITE_RECURSION = YES;
				CLANG_WARN_INT_CONVERSION = YES;
				CLANG_WARN_NON_LITERAL_NULL_CONVERSION = YES;
				CLANG_WARN_OBJC_IMPLICIT_RETAIN_SELF = YES;
				CLANG_WARN_OBJC_LITERAL_CONVERSION = YES;
				CLANG_WARN_OBJC_ROOT_CLASS = YES_ERROR;
				CLANG_WARN_QUOTED_INCLUDE_IN_FRAMEWORK_HEADER = YES;
				CLANG_WARN_RANGE_LOOP_ANALYSIS = YES;
				CLANG_WARN_STRICT_PROTOTYPES = YES;
				CLANG_WARN_SUSPICIOUS_MOVE = YES;
				CLANG_WARN_UNGUARDED_AVAILABILITY = YES_AGGRESSIVE;
				CLANG_WARN_UNREACHABLE_CODE = YES;
				CLANG_WARN__DUPLICATE_METHOD_MATCH = YES;
				COPY_PHASE_STRIP = NO;
				DEBUG_INFORMATION_FORMAT = "dwarf-with-dsym";
				ENABLE_NS_ASSERTIONS = NO;
				ENABLE_STRICT_OBJC_MSGSEND = YES;
				GCC_C_LANGUAGE_STANDARD = gnu11;
				GCC_NO_COMMON_BLOCKS = YES;
				GCC_WARN_64_TO_32_BIT_CONVERSION = YES;
				GCC_WARN_ABOUT_RETURN_TYPE = YES_ERROR;
				GCC_WARN_UNDECLARED_SELECTOR = YES;
				GCC_WARN_UNINITIALIZED_AUTOS = YES_AGGRESSIVE;
				GCC_WARN_UNUSED_FUNCTION = YES;
				GCC_WARN_UNUSED_VARIABLE = YES;
				IPHONEOS_DEPLOYMENT_TARGET = 14.0;
				MTL_ENABLE_DEBUG_INFO = NO;
				MTL_FAST_MATH = YES;
				SDKROOT = iphoneos;
				SWIFT_COMPILATION_MODE = wholemodule;
				SWIFT_OPTIMIZATION_LEVEL = "-O";
				VALIDATE_PRODUCT = YES;
			};
			name = Release;
		};
		F00442C325290D8F00CBC5B5 /* Debug */ = {
			isa = XCBuildConfiguration;
			baseConfigurationReference = 6F420C3B26EC88EB49F627B8 /* Pods-AP Entertainment.debug.xcconfig */;
			buildSettings = {
				ASSETCATALOG_COMPILER_APPICON_NAME = AppIcon;
				ASSETCATALOG_COMPILER_GLOBAL_ACCENT_COLOR_NAME = AccentColor;
				CODE_SIGN_STYLE = Automatic;
				CURRENT_PROJECT_VERSION = 2;
				DEVELOPMENT_TEAM = X3V4LZU6AD;
				INFOPLIST_FILE = "AP Entertainment/Info.plist";
				IPHONEOS_DEPLOYMENT_TARGET = 13.0;
				LD_RUNPATH_SEARCH_PATHS = (
					"$(inherited)",
					"@executable_path/Frameworks",
				);
				PRODUCT_BUNDLE_IDENTIFIER = "com.TJ.AP-Entertainment";
				PRODUCT_NAME = "$(TARGET_NAME)";
				SWIFT_VERSION = 5.0;
				TARGETED_DEVICE_FAMILY = "1,2";
			};
			name = Debug;
		};
		F00442C425290D8F00CBC5B5 /* Release */ = {
			isa = XCBuildConfiguration;
			baseConfigurationReference = FE0B875A55848102EA593D31 /* Pods-AP Entertainment.release.xcconfig */;
			buildSettings = {
				ASSETCATALOG_COMPILER_APPICON_NAME = AppIcon;
				ASSETCATALOG_COMPILER_GLOBAL_ACCENT_COLOR_NAME = AccentColor;
				CODE_SIGN_STYLE = Automatic;
				CURRENT_PROJECT_VERSION = 2;
				DEVELOPMENT_TEAM = X3V4LZU6AD;
				INFOPLIST_FILE = "AP Entertainment/Info.plist";
				IPHONEOS_DEPLOYMENT_TARGET = 13.0;
				LD_RUNPATH_SEARCH_PATHS = (
					"$(inherited)",
					"@executable_path/Frameworks",
				);
				PRODUCT_BUNDLE_IDENTIFIER = "com.TJ.AP-Entertainment";
				PRODUCT_NAME = "$(TARGET_NAME)";
				SWIFT_VERSION = 5.0;
				TARGETED_DEVICE_FAMILY = "1,2";
			};
			name = Release;
		};
/* End XCBuildConfiguration section */

/* Begin XCConfigurationList section */
		F00442A925290D8900CBC5B5 /* Build configuration list for PBXProject "AP Entertainment" */ = {
			isa = XCConfigurationList;
			buildConfigurations = (
				F00442C025290D8F00CBC5B5 /* Debug */,
				F00442C125290D8F00CBC5B5 /* Release */,
			);
			defaultConfigurationIsVisible = 0;
			defaultConfigurationName = Release;
		};
		F00442C225290D8F00CBC5B5 /* Build configuration list for PBXNativeTarget "AP Entertainment" */ = {
			isa = XCConfigurationList;
			buildConfigurations = (
				F00442C325290D8F00CBC5B5 /* Debug */,
				F00442C425290D8F00CBC5B5 /* Release */,
			);
			defaultConfigurationIsVisible = 0;
			defaultConfigurationName = Release;
		};
/* End XCConfigurationList section */
	};
	rootObject = F00442A625290D8900CBC5B5 /* Project object */;
}
